
Microsoft Visual Studio Solution File, Format Version 12.00
# Visual Studio 15
VisualStudioVersion = 15.0.26403.7
MinimumVisualStudioVersion = 10.0.40219.1
Project("{FAE04EC0-301F-11D3-BF4B-00C04F79EFBC}") = "HelloXamarin.Android", "HelloXamarin\HelloXamarin.Android\HelloXamarin.Android.csproj", "{41CB954C-D7D2-4CBB-BBEF-F8E9470AD4F0}"
EndProject
Project("{FAE04EC0-301F-11D3-BF4B-00C04F79EFBC}") = "HelloXamarin", "HelloXamarin\HelloXamarin\HelloXamarin.csproj", "{3C47B933-AE04-4ECC-AE8F-F0354E65033C}"
EndProject
Project("{FAE04EC0-301F-11D3-BF4B-00C04F79EFBC}") = "HelloXamarin.UWP", "HelloXamarin\HelloXamarin.UWP\HelloXamarin.UWP.csproj", "{52741F33-A805-426C-89A1-050D0C5D63B3}"
EndProject
Project("{FAE04EC0-301F-11D3-BF4B-00C04F79EFBC}") = "HelloXamarin.iOS", "HelloXamarin\HelloXamarin.iOS\HelloXamarin.iOS.csproj", "{114610D8-AB7A-40E8-A3C0-C0FA224C76AA}"
EndProject
Global
	GlobalSection(SolutionConfigurationPlatforms) = preSolution
		Ad-Hoc|Any CPU = Ad-Hoc|Any CPU
		Ad-Hoc|ARM = Ad-Hoc|ARM
		Ad-Hoc|iPhone = Ad-Hoc|iPhone
		Ad-Hoc|iPhoneSimulator = Ad-Hoc|iPhoneSimulator
		Ad-Hoc|x64 = Ad-Hoc|x64
		Ad-Hoc|x86 = Ad-Hoc|x86
		AppStore|Any CPU = AppStore|Any CPU
		AppStore|ARM = AppStore|ARM
		AppStore|iPhone = AppStore|iPhone
		AppStore|iPhoneSimulator = AppStore|iPhoneSimulator
		AppStore|x64 = AppStore|x64
		AppStore|x86 = AppStore|x86
		Debug|Any CPU = Debug|Any CPU
		Debug|ARM = Debug|ARM
		Debug|iPhone = Debug|iPhone
		Debug|iPhoneSimulator = Debug|iPhoneSimulator
		Debug|x64 = Debug|x64
		Debug|x86 = Debug|x86
		Release|Any CPU = Release|Any CPU
		Release|ARM = Release|ARM
		Release|iPhone = Release|iPhone
		Release|iPhoneSimulator = Release|iPhoneSimulator
		Release|x64 = Release|x64
		Release|x86 = Release|x86
	EndGlobalSection
	GlobalSection(ProjectConfigurationPlatforms) = postSolution
		{41CB954C-D7D2-4CBB-BBEF-F8E9470AD4F0}.Ad-Hoc|Any CPU.ActiveCfg = Release|Any CPU
		{41CB954C-D7D2-4CBB-BBEF-F8E9470AD4F0}.Ad-Hoc|Any CPU.Build.0 = Release|Any CPU
		{41CB954C-D7D2-4CBB-BBEF-F8E9470AD4F0}.Ad-Hoc|Any CPU.Deploy.0 = Release|Any CPU
		{41CB954C-D7D2-4CBB-BBEF-F8E9470AD4F0}.Ad-Hoc|ARM.ActiveCfg = Release|Any CPU
		{41CB954C-D7D2-4CBB-BBEF-F8E9470AD4F0}.Ad-Hoc|ARM.Build.0 = Release|Any CPU
		{41CB954C-D7D2-4CBB-BBEF-F8E9470AD4F0}.Ad-Hoc|ARM.Deploy.0 = Release|Any CPU
		{41CB954C-D7D2-4CBB-BBEF-F8E9470AD4F0}.Ad-Hoc|iPhone.ActiveCfg = Release|Any CPU
		{41CB954C-D7D2-4CBB-BBEF-F8E9470AD4F0}.Ad-Hoc|iPhone.Build.0 = Release|Any CPU
		{41CB954C-D7D2-4CBB-BBEF-F8E9470AD4F0}.Ad-Hoc|iPhone.Deploy.0 = Release|Any CPU
		{41CB954C-D7D2-4CBB-BBEF-F8E9470AD4F0}.Ad-Hoc|iPhoneSimulator.ActiveCfg = Release|Any CPU
		{41CB954C-D7D2-4CBB-BBEF-F8E9470AD4F0}.Ad-Hoc|iPhoneSimulator.Build.0 = Release|Any CPU
		{41CB954C-D7D2-4CBB-BBEF-F8E9470AD4F0}.Ad-Hoc|iPhoneSimulator.Deploy.0 = Release|Any CPU
		{41CB954C-D7D2-4CBB-BBEF-F8E9470AD4F0}.Ad-Hoc|x64.ActiveCfg = Release|Any CPU
		{41CB954C-D7D2-4CBB-BBEF-F8E9470AD4F0}.Ad-Hoc|x64.Build.0 = Release|Any CPU
		{41CB954C-D7D2-4CBB-BBEF-F8E9470AD4F0}.Ad-Hoc|x64.Deploy.0 = Release|Any CPU
		{41CB954C-D7D2-4CBB-BBEF-F8E9470AD4F0}.Ad-Hoc|x86.ActiveCfg = Release|Any CPU
		{41CB954C-D7D2-4CBB-BBEF-F8E9470AD4F0}.Ad-Hoc|x86.Build.0 = Release|Any CPU
		{41CB954C-D7D2-4CBB-BBEF-F8E9470AD4F0}.Ad-Hoc|x86.Deploy.0 = Release|Any CPU
		{41CB954C-D7D2-4CBB-BBEF-F8E9470AD4F0}.AppStore|Any CPU.ActiveCfg = Release|Any CPU
		{41CB954C-D7D2-4CBB-BBEF-F8E9470AD4F0}.AppStore|Any CPU.Build.0 = Release|Any CPU
		{41CB954C-D7D2-4CBB-BBEF-F8E9470AD4F0}.AppStore|Any CPU.Deploy.0 = Release|Any CPU
		{41CB954C-D7D2-4CBB-BBEF-F8E9470AD4F0}.AppStore|ARM.ActiveCfg = Release|Any CPU
		{41CB954C-D7D2-4CBB-BBEF-F8E9470AD4F0}.AppStore|ARM.Build.0 = Release|Any CPU
		{41CB954C-D7D2-4CBB-BBEF-F8E9470AD4F0}.AppStore|ARM.Deploy.0 = Release|Any CPU
		{41CB954C-D7D2-4CBB-BBEF-F8E9470AD4F0}.AppStore|iPhone.ActiveCfg = Release|Any CPU
		{41CB954C-D7D2-4CBB-BBEF-F8E9470AD4F0}.AppStore|iPhone.Build.0 = Release|Any CPU
		{41CB954C-D7D2-4CBB-BBEF-F8E9470AD4F0}.AppStore|iPhone.Deploy.0 = Release|Any CPU
		{41CB954C-D7D2-4CBB-BBEF-F8E9470AD4F0}.AppStore|iPhoneSimulator.ActiveCfg = Release|Any CPU
		{41CB954C-D7D2-4CBB-BBEF-F8E9470AD4F0}.AppStore|iPhoneSimulator.Build.0 = Release|Any CPU
		{41CB954C-D7D2-4CBB-BBEF-F8E9470AD4F0}.AppStore|iPhoneSimulator.Deploy.0 = Release|Any CPU
		{41CB954C-D7D2-4CBB-BBEF-F8E9470AD4F0}.AppStore|x64.ActiveCfg = Release|Any CPU
		{41CB954C-D7D2-4CBB-BBEF-F8E9470AD4F0}.AppStore|x64.Build.0 = Release|Any CPU
		{41CB954C-D7D2-4CBB-BBEF-F8E9470AD4F0}.AppStore|x64.Deploy.0 = Release|Any CPU
		{41CB954C-D7D2-4CBB-BBEF-F8E9470AD4F0}.AppStore|x86.ActiveCfg = Release|Any CPU
		{41CB954C-D7D2-4CBB-BBEF-F8E9470AD4F0}.AppStore|x86.Build.0 = Release|Any CPU
		{41CB954C-D7D2-4CBB-BBEF-F8E9470AD4F0}.AppStore|x86.Deploy.0 = Release|Any CPU
		{41CB954C-D7D2-4CBB-BBEF-F8E9470AD4F0}.Debug|Any CPU.ActiveCfg = Debug|Any CPU
		{41CB954C-D7D2-4CBB-BBEF-F8E9470AD4F0}.Debug|Any CPU.Build.0 = Debug|Any CPU
		{41CB954C-D7D2-4CBB-BBEF-F8E9470AD4F0}.Debug|Any CPU.Deploy.0 = Debug|Any CPU
		{41CB954C-D7D2-4CBB-BBEF-F8E9470AD4F0}.Debug|ARM.ActiveCfg = Debug|Any CPU
		{41CB954C-D7D2-4CBB-BBEF-F8E9470AD4F0}.Debug|ARM.Build.0 = Debug|Any CPU
		{41CB954C-D7D2-4CBB-BBEF-F8E9470AD4F0}.Debug|ARM.Deploy.0 = Debug|Any CPU
		{41CB954C-D7D2-4CBB-BBEF-F8E9470AD4F0}.Debug|iPhone.ActiveCfg = Debug|Any CPU
		{41CB954C-D7D2-4CBB-BBEF-F8E9470AD4F0}.Debug|iPhone.Build.0 = Debug|Any CPU
		{41CB954C-D7D2-4CBB-BBEF-F8E9470AD4F0}.Debug|iPhone.Deploy.0 = Debug|Any CPU
		{41CB954C-D7D2-4CBB-BBEF-F8E9470AD4F0}.Debug|iPhoneSimulator.ActiveCfg = Debug|Any CPU
		{41CB954C-D7D2-4CBB-BBEF-F8E9470AD4F0}.Debug|iPhoneSimulator.Build.0 = Debug|Any CPU
		{41CB954C-D7D2-4CBB-BBEF-F8E9470AD4F0}.Debug|iPhoneSimulator.Deploy.0 = Debug|Any CPU
		{41CB954C-D7D2-4CBB-BBEF-F8E9470AD4F0}.Debug|x64.ActiveCfg = Debug|Any CPU
		{41CB954C-D7D2-4CBB-BBEF-F8E9470AD4F0}.Debug|x64.Build.0 = Debug|Any CPU
		{41CB954C-D7D2-4CBB-BBEF-F8E9470AD4F0}.Debug|x64.Deploy.0 = Debug|Any CPU
		{41CB954C-D7D2-4CBB-BBEF-F8E9470AD4F0}.Debug|x86.ActiveCfg = Debug|Any CPU
		{41CB954C-D7D2-4CBB-BBEF-F8E9470AD4F0}.Debug|x86.Build.0 = Debug|Any CPU
		{41CB954C-D7D2-4CBB-BBEF-F8E9470AD4F0}.Debug|x86.Deploy.0 = Debug|Any CPU
		{41CB954C-D7D2-4CBB-BBEF-F8E9470AD4F0}.Release|Any CPU.ActiveCfg = Release|Any CPU
		{41CB954C-D7D2-4CBB-BBEF-F8E9470AD4F0}.Release|Any CPU.Build.0 = Release|Any CPU
		{41CB954C-D7D2-4CBB-BBEF-F8E9470AD4F0}.Release|Any CPU.Deploy.0 = Release|Any CPU
		{41CB954C-D7D2-4CBB-BBEF-F8E9470AD4F0}.Release|ARM.ActiveCfg = Release|Any CPU
		{41CB954C-D7D2-4CBB-BBEF-F8E9470AD4F0}.Release|ARM.Build.0 = Release|Any CPU
		{41CB954C-D7D2-4CBB-BBEF-F8E9470AD4F0}.Release|ARM.Deploy.0 = Release|Any CPU
		{41CB954C-D7D2-4CBB-BBEF-F8E9470AD4F0}.Release|iPhone.ActiveCfg = Release|Any CPU
		{41CB954C-D7D2-4CBB-BBEF-F8E9470AD4F0}.Release|iPhone.Build.0 = Release|Any CPU
		{41CB954C-D7D2-4CBB-BBEF-F8E9470AD4F0}.Release|iPhone.Deploy.0 = Release|Any CPU
		{41CB954C-D7D2-4CBB-BBEF-F8E9470AD4F0}.Release|iPhoneSimulator.ActiveCfg = Release|Any CPU
		{41CB954C-D7D2-4CBB-BBEF-F8E9470AD4F0}.Release|iPhoneSimulator.Build.0 = Release|Any CPU
		{41CB954C-D7D2-4CBB-BBEF-F8E9470AD4F0}.Release|iPhoneSimulator.Deploy.0 = Release|Any CPU
		{41CB954C-D7D2-4CBB-BBEF-F8E9470AD4F0}.Release|x64.ActiveCfg = Release|Any CPU
		{41CB954C-D7D2-4CBB-BBEF-F8E9470AD4F0}.Release|x64.Build.0 = Release|Any CPU
		{41CB954C-D7D2-4CBB-BBEF-F8E9470AD4F0}.Release|x64.Deploy.0 = Release|Any CPU
		{41CB954C-D7D2-4CBB-BBEF-F8E9470AD4F0}.Release|x86.ActiveCfg = Release|Any CPU
		{41CB954C-D7D2-4CBB-BBEF-F8E9470AD4F0}.Release|x86.Build.0 = Release|Any CPU
		{41CB954C-D7D2-4CBB-BBEF-F8E9470AD4F0}.Release|x86.Deploy.0 = Release|Any CPU
		{3C47B933-AE04-4ECC-AE8F-F0354E65033C}.Ad-Hoc|Any CPU.ActiveCfg = Release|Any CPU
		{3C47B933-AE04-4ECC-AE8F-F0354E65033C}.Ad-Hoc|Any CPU.Build.0 = Release|Any CPU
		{3C47B933-AE04-4ECC-AE8F-F0354E65033C}.Ad-Hoc|ARM.ActiveCfg = Release|Any CPU
		{3C47B933-AE04-4ECC-AE8F-F0354E65033C}.Ad-Hoc|ARM.Build.0 = Release|Any CPU
		{3C47B933-AE04-4ECC-AE8F-F0354E65033C}.Ad-Hoc|iPhone.ActiveCfg = Release|Any CPU
		{3C47B933-AE04-4ECC-AE8F-F0354E65033C}.Ad-Hoc|iPhone.Build.0 = Release|Any CPU
		{3C47B933-AE04-4ECC-AE8F-F0354E65033C}.Ad-Hoc|iPhoneSimulator.ActiveCfg = Release|Any CPU
		{3C47B933-AE04-4ECC-AE8F-F0354E65033C}.Ad-Hoc|iPhoneSimulator.Build.0 = Release|Any CPU
		{3C47B933-AE04-4ECC-AE8F-F0354E65033C}.Ad-Hoc|x64.ActiveCfg = Release|Any CPU
		{3C47B933-AE04-4ECC-AE8F-F0354E65033C}.Ad-Hoc|x64.Build.0 = Release|Any CPU
		{3C47B933-AE04-4ECC-AE8F-F0354E65033C}.Ad-Hoc|x86.ActiveCfg = Release|Any CPU
		{3C47B933-AE04-4ECC-AE8F-F0354E65033C}.Ad-Hoc|x86.Build.0 = Release|Any CPU
		{3C47B933-AE04-4ECC-AE8F-F0354E65033C}.AppStore|Any CPU.ActiveCfg = Release|Any CPU
		{3C47B933-AE04-4ECC-AE8F-F0354E65033C}.AppStore|Any CPU.Build.0 = Release|Any CPU
		{3C47B933-AE04-4ECC-AE8F-F0354E65033C}.AppStore|ARM.ActiveCfg = Release|Any CPU
		{3C47B933-AE04-4ECC-AE8F-F0354E65033C}.AppStore|ARM.Build.0 = Release|Any CPU
		{3C47B933-AE04-4ECC-AE8F-F0354E65033C}.AppStore|iPhone.ActiveCfg = Release|Any CPU
		{3C47B933-AE04-4ECC-AE8F-F0354E65033C}.AppStore|iPhone.Build.0 = Release|Any CPU
		{3C47B933-AE04-4ECC-AE8F-F0354E65033C}.AppStore|iPhoneSimulator.ActiveCfg = Release|Any CPU
		{3C47B933-AE04-4ECC-AE8F-F0354E65033C}.AppStore|iPhoneSimulator.Build.0 = Release|Any CPU
		{3C47B933-AE04-4ECC-AE8F-F0354E65033C}.AppStore|x64.ActiveCfg = Release|Any CPU
		{3C47B933-AE04-4ECC-AE8F-F0354E65033C}.AppStore|x64.Build.0 = Release|Any CPU
		{3C47B933-AE04-4ECC-AE8F-F0354E65033C}.AppStore|x86.ActiveCfg = Release|Any CPU
		{3C47B933-AE04-4ECC-AE8F-F0354E65033C}.AppStore|x86.Build.0 = Release|Any CPU
		{3C47B933-AE04-4ECC-AE8F-F0354E65033C}.Debug|Any CPU.ActiveCfg = Debug|Any CPU
		{3C47B933-AE04-4ECC-AE8F-F0354E65033C}.Debug|Any CPU.Build.0 = Debug|Any CPU
		{3C47B933-AE04-4ECC-AE8F-F0354E65033C}.Debug|ARM.ActiveCfg = Debug|Any CPU
		{3C47B933-AE04-4ECC-AE8F-F0354E65033C}.Debug|ARM.Build.0 = Debug|Any CPU
		{3C47B933-AE04-4ECC-AE8F-F0354E65033C}.Debug|iPhone.ActiveCfg = Debug|Any CPU
		{3C47B933-AE04-4ECC-AE8F-F0354E65033C}.Debug|iPhone.Build.0 = Debug|Any CPU
		{3C47B933-AE04-4ECC-AE8F-F0354E65033C}.Debug|iPhoneSimulator.ActiveCfg = Debug|Any CPU
		{3C47B933-AE04-4ECC-AE8F-F0354E65033C}.Debug|iPhoneSimulator.Build.0 = Debug|Any CPU
		{3C47B933-AE04-4ECC-AE8F-F0354E65033C}.Debug|x64.ActiveCfg = Debug|Any CPU
		{3C47B933-AE04-4ECC-AE8F-F0354E65033C}.Debug|x64.Build.0 = Debug|Any CPU
		{3C47B933-AE04-4ECC-AE8F-F0354E65033C}.Debug|x86.ActiveCfg = Debug|Any CPU
		{3C47B933-AE04-4ECC-AE8F-F0354E65033C}.Debug|x86.Build.0 = Debug|Any CPU
		{3C47B933-AE04-4ECC-AE8F-F0354E65033C}.Release|Any CPU.ActiveCfg = Release|Any CPU
		{3C47B933-AE04-4ECC-AE8F-F0354E65033C}.Release|Any CPU.Build.0 = Release|Any CPU
		{3C47B933-AE04-4ECC-AE8F-F0354E65033C}.Release|ARM.ActiveCfg = Release|Any CPU
		{3C47B933-AE04-4ECC-AE8F-F0354E65033C}.Release|ARM.Build.0 = Release|Any CPU
		{3C47B933-AE04-4ECC-AE8F-F0354E65033C}.Release|iPhone.ActiveCfg = Release|Any CPU
		{3C47B933-AE04-4ECC-AE8F-F0354E65033C}.Release|iPhone.Build.0 = Release|Any CPU
		{3C47B933-AE04-4ECC-AE8F-F0354E65033C}.Release|iPhoneSimulator.ActiveCfg = Release|Any CPU
		{3C47B933-AE04-4ECC-AE8F-F0354E65033C}.Release|iPhoneSimulator.Build.0 = Release|Any CPU
		{3C47B933-AE04-4ECC-AE8F-F0354E65033C}.Release|x64.ActiveCfg = Release|Any CPU
		{3C47B933-AE04-4ECC-AE8F-F0354E65033C}.Release|x64.Build.0 = Release|Any CPU
		{3C47B933-AE04-4ECC-AE8F-F0354E65033C}.Release|x86.ActiveCfg = Release|Any CPU
		{3C47B933-AE04-4ECC-AE8F-F0354E65033C}.Release|x86.Build.0 = Release|Any CPU
		{52741F33-A805-426C-89A1-050D0C5D63B3}.Ad-Hoc|Any CPU.ActiveCfg = Release|x86
		{52741F33-A805-426C-89A1-050D0C5D63B3}.Ad-Hoc|Any CPU.Build.0 = Release|x86
		{52741F33-A805-426C-89A1-050D0C5D63B3}.Ad-Hoc|Any CPU.Deploy.0 = Release|x86
		{52741F33-A805-426C-89A1-050D0C5D63B3}.Ad-Hoc|ARM.ActiveCfg = Release|ARM
		{52741F33-A805-426C-89A1-050D0C5D63B3}.Ad-Hoc|ARM.Build.0 = Release|ARM
		{52741F33-A805-426C-89A1-050D0C5D63B3}.Ad-Hoc|ARM.Deploy.0 = Release|ARM
		{52741F33-A805-426C-89A1-050D0C5D63B3}.Ad-Hoc|iPhone.ActiveCfg = Release|x86
		{52741F33-A805-426C-89A1-050D0C5D63B3}.Ad-Hoc|iPhone.Build.0 = Release|x86
		{52741F33-A805-426C-89A1-050D0C5D63B3}.Ad-Hoc|iPhone.Deploy.0 = Release|x86
		{52741F33-A805-426C-89A1-050D0C5D63B3}.Ad-Hoc|iPhoneSimulator.ActiveCfg = Release|x86
		{52741F33-A805-426C-89A1-050D0C5D63B3}.Ad-Hoc|iPhoneSimulator.Build.0 = Release|x86
		{52741F33-A805-426C-89A1-050D0C5D63B3}.Ad-Hoc|iPhoneSimulator.Deploy.0 = Release|x86
		{52741F33-A805-426C-89A1-050D0C5D63B3}.Ad-Hoc|x64.ActiveCfg = Release|x64
		{52741F33-A805-426C-89A1-050D0C5D63B3}.Ad-Hoc|x64.Build.0 = Release|x64
		{52741F33-A805-426C-89A1-050D0C5D63B3}.Ad-Hoc|x64.Deploy.0 = Release|x64
		{52741F33-A805-426C-89A1-050D0C5D63B3}.Ad-Hoc|x86.ActiveCfg = Release|x86
		{52741F33-A805-426C-89A1-050D0C5D63B3}.Ad-Hoc|x86.Build.0 = Release|x86
		{52741F33-A805-426C-89A1-050D0C5D63B3}.Ad-Hoc|x86.Deploy.0 = Release|x86
		{52741F33-A805-426C-89A1-050D0C5D63B3}.AppStore|Any CPU.ActiveCfg = Release|x86
		{52741F33-A805-426C-89A1-050D0C5D63B3}.AppStore|Any CPU.Build.0 = Release|x86
		{52741F33-A805-426C-89A1-050D0C5D63B3}.AppStore|Any CPU.Deploy.0 = Release|x86
		{52741F33-A805-426C-89A1-050D0C5D63B3}.AppStore|ARM.ActiveCfg = Release|ARM
		{52741F33-A805-426C-89A1-050D0C5D63B3}.AppStore|ARM.Build.0 = Release|ARM
		{52741F33-A805-426C-89A1-050D0C5D63B3}.AppStore|ARM.Deploy.0 = Release|ARM
		{52741F33-A805-426C-89A1-050D0C5D63B3}.AppStore|iPhone.ActiveCfg = Release|x86
		{52741F33-A805-426C-89A1-050D0C5D63B3}.AppStore|iPhone.Build.0 = Release|x86
		{52741F33-A805-426C-89A1-050D0C5D63B3}.AppStore|iPhone.Deploy.0 = Release|x86
		{52741F33-A805-426C-89A1-050D0C5D63B3}.AppStore|iPhoneSimulator.ActiveCfg = Release|x86
		{52741F33-A805-426C-89A1-050D0C5D63B3}.AppStore|iPhoneSimulator.Build.0 = Release|x86
		{52741F33-A805-426C-89A1-050D0C5D63B3}.AppStore|iPhoneSimulator.Deploy.0 = Release|x86
		{52741F33-A805-426C-89A1-050D0C5D63B3}.AppStore|x64.ActiveCfg = Release|x64
		{52741F33-A805-426C-89A1-050D0C5D63B3}.AppStore|x64.Build.0 = Release|x64
		{52741F33-A805-426C-89A1-050D0C5D63B3}.AppStore|x64.Deploy.0 = Release|x64
		{52741F33-A805-426C-89A1-050D0C5D63B3}.AppStore|x86.ActiveCfg = Release|x86
		{52741F33-A805-426C-89A1-050D0C5D63B3}.AppStore|x86.Build.0 = Release|x86
		{52741F33-A805-426C-89A1-050D0C5D63B3}.AppStore|x86.Deploy.0 = Release|x86
		{52741F33-A805-426C-89A1-050D0C5D63B3}.Debug|Any CPU.ActiveCfg = Debug|x86
		{52741F33-A805-426C-89A1-050D0C5D63B3}.Debug|ARM.ActiveCfg = Debug|ARM
		{52741F33-A805-426C-89A1-050D0C5D63B3}.Debug|ARM.Build.0 = Debug|ARM
		{52741F33-A805-426C-89A1-050D0C5D63B3}.Debug|ARM.Deploy.0 = Debug|ARM
		{52741F33-A805-426C-89A1-050D0C5D63B3}.Debug|iPhone.ActiveCfg = Debug|x86
		{52741F33-A805-426C-89A1-050D0C5D63B3}.Debug|iPhoneSimulator.ActiveCfg = Debug|x86
		{52741F33-A805-426C-89A1-050D0C5D63B3}.Debug|x64.ActiveCfg = Debug|x64
		{52741F33-A805-426C-89A1-050D0C5D63B3}.Debug|x64.Build.0 = Debug|x64
		{52741F33-A805-426C-89A1-050D0C5D63B3}.Debug|x64.Deploy.0 = Debug|x64
		{52741F33-A805-426C-89A1-050D0C5D63B3}.Debug|x86.ActiveCfg = Debug|x86
		{52741F33-A805-426C-89A1-050D0C5D63B3}.Debug|x86.Build.0 = Debug|x86
		{52741F33-A805-426C-89A1-050D0C5D63B3}.Debug|x86.Deploy.0 = Debug|x86
		{52741F33-A805-426C-89A1-050D0C5D63B3}.Release|Any CPU.ActiveCfg = Release|x86
		{52741F33-A805-426C-89A1-050D0C5D63B3}.Release|ARM.ActiveCfg = Release|ARM
		{52741F33-A805-426C-89A1-050D0C5D63B3}.Release|ARM.Build.0 = Release|ARM
		{52741F33-A805-426C-89A1-050D0C5D63B3}.Release|ARM.Deploy.0 = Release|ARM
		{52741F33-A805-426C-89A1-050D0C5D63B3}.Release|iPhone.ActiveCfg = Release|x86
		{52741F33-A805-426C-89A1-050D0C5D63B3}.Release|iPhoneSimulator.ActiveCfg = Release|x86
		{52741F33-A805-426C-89A1-050D0C5D63B3}.Release|x64.ActiveCfg = Release|x64
		{52741F33-A805-426C-89A1-050D0C5D63B3}.Release|x64.Build.0 = Release|x64
		{52741F33-A805-426C-89A1-050D0C5D63B3}.Release|x64.Deploy.0 = Release|x64
		{52741F33-A805-426C-89A1-050D0C5D63B3}.Release|x86.ActiveCfg = Release|x86
		{52741F33-A805-426C-89A1-050D0C5D63B3}.Release|x86.Build.0 = Release|x86
		{52741F33-A805-426C-89A1-050D0C5D63B3}.Release|x86.Deploy.0 = Release|x86
		{114610D8-AB7A-40E8-A3C0-C0FA224C76AA}.Ad-Hoc|Any CPU.ActiveCfg = Ad-Hoc|iPhone
		{114610D8-AB7A-40E8-A3C0-C0FA224C76AA}.Ad-Hoc|ARM.ActiveCfg = Ad-Hoc|iPhone
		{114610D8-AB7A-40E8-A3C0-C0FA224C76AA}.Ad-Hoc|iPhone.ActiveCfg = Ad-Hoc|iPhone
		{114610D8-AB7A-40E8-A3C0-C0FA224C76AA}.Ad-Hoc|iPhone.Build.0 = Ad-Hoc|iPhone
		{114610D8-AB7A-40E8-A3C0-C0FA224C76AA}.Ad-Hoc|iPhoneSimulator.ActiveCfg = Ad-Hoc|iPhoneSimulator
		{114610D8-AB7A-40E8-A3C0-C0FA224C76AA}.Ad-Hoc|iPhoneSimulator.Build.0 = Ad-Hoc|iPhoneSimulator
		{114610D8-AB7A-40E8-A3C0-C0FA224C76AA}.Ad-Hoc|x64.ActiveCfg = Ad-Hoc|iPhone
		{114610D8-AB7A-40E8-A3C0-C0FA224C76AA}.Ad-Hoc|x86.ActiveCfg = Ad-Hoc|iPhone
		{114610D8-AB7A-40E8-A3C0-C0FA224C76AA}.AppStore|Any CPU.ActiveCfg = AppStore|iPhone
		{114610D8-AB7A-40E8-A3C0-C0FA224C76AA}.AppStore|ARM.ActiveCfg = AppStore|iPhone
		{114610D8-AB7A-40E8-A3C0-C0FA224C76AA}.AppStore|iPhone.ActiveCfg = AppStore|iPhone
		{114610D8-AB7A-40E8-A3C0-C0FA224C76AA}.AppStore|iPhone.Build.0 = AppStore|iPhone
		{114610D8-AB7A-40E8-A3C0-C0FA224C76AA}.AppStore|iPhoneSimulator.ActiveCfg = AppStore|iPhoneSimulator
		{114610D8-AB7A-40E8-A3C0-C0FA224C76AA}.AppStore|iPhoneSimulator.Build.0 = AppStore|iPhoneSimulator
		{114610D8-AB7A-40E8-A3C0-C0FA224C76AA}.AppStore|x64.ActiveCfg = AppStore|iPhone
		{114610D8-AB7A-40E8-A3C0-C0FA224C76AA}.AppStore|x86.ActiveCfg = AppStore|iPhone
		{114610D8-AB7A-40E8-A3C0-C0FA224C76AA}.Debug|Any CPU.ActiveCfg = Debug|iPhone
		{114610D8-AB7A-40E8-A3C0-C0FA224C76AA}.Debug|ARM.ActiveCfg = Debug|iPhone
		{114610D8-AB7A-40E8-A3C0-C0FA224C76AA}.Debug|iPhone.ActiveCfg = Debug|iPhone
		{114610D8-AB7A-40E8-A3C0-C0FA224C76AA}.Debug|iPhone.Build.0 = Debug|iPhone
		{114610D8-AB7A-40E8-A3C0-C0FA224C76AA}.Debug|iPhoneSimulator.ActiveCfg = Debug|iPhoneSimulator
		{114610D8-AB7A-40E8-A3C0-C0FA224C76AA}.Debug|iPhoneSimulator.Build.0 = Debug|iPhoneSimulator
		{114610D8-AB7A-40E8-A3C0-C0FA224C76AA}.Debug|x64.ActiveCfg = Debug|iPhone
		{114610D8-AB7A-40E8-A3C0-C0FA224C76AA}.Debug|x86.ActiveCfg = Debug|iPhone
		{114610D8-AB7A-40E8-A3C0-C0FA224C76AA}.Release|Any CPU.ActiveCfg = Release|iPhone
		{114610D8-AB7A-40E8-A3C0-C0FA224C76AA}.Release|ARM.ActiveCfg = Release|iPhone
		{114610D8-AB7A-40E8-A3C0-C0FA224C76AA}.Release|iPhone.ActiveCfg = Release|iPhone
		{114610D8-AB7A-40E8-A3C0-C0FA224C76AA}.Release|iPhone.Build.0 = Release|iPhone
		{114610D8-AB7A-40E8-A3C0-C0FA224C76AA}.Release|iPhoneSimulator.ActiveCfg = Release|iPhoneSimulator
		{114610D8-AB7A-40E8-A3C0-C0FA224C76AA}.Release|iPhoneSimulator.Build.0 = Release|iPhoneSimulator
		{114610D8-AB7A-40E8-A3C0-C0FA224C76AA}.Release|x64.ActiveCfg = Release|iPhone
		{114610D8-AB7A-40E8-A3C0-C0FA224C76AA}.Release|x86.ActiveCfg = Release|iPhone
	EndGlobalSection
	GlobalSection(SolutionProperties) = preSolution
		HideSolutionNode = FALSE
	EndGlobalSection
EndGlobal
